
Microsoft Visual Studio Solution File, Format Version 12.00
# Visual Studio Version 17
VisualStudioVersion = 17.12.35323.107
MinimumVisualStudioVersion = 10.0.40219.1
Project("{FAE04EC0-301F-11D3-BF4B-00C04F79EFBC}") = "SubverseIM", "SubverseIM.App\SubverseIM\SubverseIM.csproj", "{8EF02571-EDDE-40F7-A6BC-77E78A7BAFC1}"
EndProject
Project("{FAE04EC0-301F-11D3-BF4B-00C04F79EFBC}") = "SubverseIM.Android", "SubverseIM.App\SubverseIM.Android\SubverseIM.Android.csproj", "{F8ED93C3-4952-4FC4-8C45-633E06CE76D2}"
EndProject
Project("{FAE04EC0-301F-11D3-BF4B-00C04F79EFBC}") = "SubverseIM.iOS", "SubverseIM.App\SubverseIM.iOS\SubverseIM.iOS.csproj", "{72CC1781-E261-4DDF-8BE7-6C3D52416A68}"
EndProject
Project("{FAE04EC0-301F-11D3-BF4B-00C04F79EFBC}") = "MonoTorrent", "monotorrent\src\MonoTorrent\MonoTorrent.csproj", "{CE6DD30D-A672-4063-82FE-5B01E9D3B46D}"
EndProject
Project("{FAE04EC0-301F-11D3-BF4B-00C04F79EFBC}") = "MonoTorrent.Dht", "monotorrent\src\MonoTorrent.Dht\MonoTorrent.Dht.csproj", "{A1E64C03-26B8-4C09-8DB5-D004466A0478}"
EndProject
Project("{FAE04EC0-301F-11D3-BF4B-00C04F79EFBC}") = "MonoTorrent.Connections", "monotorrent\src\MonoTorrent.Connections\MonoTorrent.Connections.csproj", "{2891AE11-FF33-41F5-990E-5BECF9462CA9}"
EndProject
Project("{FAE04EC0-301F-11D3-BF4B-00C04F79EFBC}") = "MonoTorrent.Messages", "monotorrent\src\MonoTorrent.Messages\MonoTorrent.Messages.csproj", "{474A956E-A94F-47B7-B327-CA126FC690F3}"
EndProject
Project("{FAE04EC0-301F-11D3-BF4B-00C04F79EFBC}") = "MonoTorrent.BEncoding", "monotorrent\src\MonoTorrent.BEncoding\MonoTorrent.BEncoding.csproj", "{C91098E7-91F5-46C1-A359-1C5534A914D2}"
EndProject
Project("{FAE04EC0-301F-11D3-BF4B-00C04F79EFBC}") = "MonoTorrent.PortForwarding", "monotorrent\src\MonoTorrent.PortForwarding\MonoTorrent.PortForwarding.csproj", "{B43BEA29-DE6E-4256-94EA-A9767908CA0B}"
EndProject
Project("{2150E333-8FDC-42A3-9474-1A3956D46DE8}") = "MonoTorrent", "MonoTorrent", "{02EA681E-C7D8-13C7-8484-4AC65E1B71E8}"
EndProject
Project("{2150E333-8FDC-42A3-9474-1A3956D46DE8}") = "SubverseIM.App", "SubverseIM.App", "{4343168E-E066-4F17-8C65-AD4A7F88F002}"
	ProjectSection(SolutionItems) = preProject
		SubverseIM.App\Directory.Build.props = SubverseIM.App\Directory.Build.props
	EndProjectSection
EndProject
Project("{2150E333-8FDC-42A3-9474-1A3956D46DE8}") = "SubverseIM.Network", "SubverseIM.Network", "{E88628A0-A007-4C04-A0C3-769CB725B02F}"
EndProject
Project("{FAE04EC0-301F-11D3-BF4B-00C04F79EFBC}") = "SubverseIM.Calculator", "SubverseIM.Network\SubverseIM.Calculator\SubverseIM.Calculator.csproj", "{1301769F-6822-8D47-C74E-C8277AA80D58}"
EndProject
Project("{FAE04EC0-301F-11D3-BF4B-00C04F79EFBC}") = "SubverseIM.Bootstrapper", "SubverseIM.Network\SubverseIM.Bootstrapper\SubverseIM.Bootstrapper.csproj", "{F4DAD3BF-A958-07D9-5365-A948B2D2413B}"
EndProject
Project("{FAE04EC0-301F-11D3-BF4B-00C04F79EFBC}") = "MonoTorrent.Client", "monotorrent\src\MonoTorrent.Client\MonoTorrent.Client.csproj", "{A4471C11-A429-0255-FA67-410E1DD1B411}"
EndProject
Project("{FAE04EC0-301F-11D3-BF4B-00C04F79EFBC}") = "MonoTorrent.Factories", "monotorrent\src\MonoTorrent.Factories\MonoTorrent.Factories.csproj", "{F70B5934-DABA-8E2A-7942-72CDE7C0466D}"
EndProject
Project("{FAE04EC0-301F-11D3-BF4B-00C04F79EFBC}") = "MonoTorrent.PieceWriter", "monotorrent\src\MonoTorrent.PieceWriter\MonoTorrent.PieceWriter.csproj", "{1192E7C8-AF77-CB79-CCF6-92C7DFD16B8A}"
EndProject
Project("{FAE04EC0-301F-11D3-BF4B-00C04F79EFBC}") = "MonoTorrent.Trackers", "monotorrent\src\MonoTorrent.Trackers\MonoTorrent.Trackers.csproj", "{C7414093-9F69-CA67-7FD0-C98282B1EABD}"
EndProject
Project("{FAE04EC0-301F-11D3-BF4B-00C04F79EFBC}") = "MonoTorrent.PiecePicking", "monotorrent\src\MonoTorrent.PiecePicking\MonoTorrent.PiecePicking.csproj", "{0972AD48-5E83-2791-4B70-E863242F557C}"
EndProject
Project("{FAE04EC0-301F-11D3-BF4B-00C04F79EFBC}") = "SubverseIM.Headless", "SubverseIM.App\SubverseIM.Headless\SubverseIM.Headless.csproj", "{18FE281B-3509-E680-1559-3AAE4791D835}"
EndProject
Project("{FAE04EC0-301F-11D3-BF4B-00C04F79EFBC}") = "SubverseIM.Core", "SubverseIM.Core\SubverseIM.Core.csproj", "{928D0E46-4DAF-40CF-9A42-2BBD5A1F8929}"
EndProject
Project("{FAE04EC0-301F-11D3-BF4B-00C04F79EFBC}") = "SubverseIM.Bootstrapper.Tests", "SubverseIM.Network\SubverseIM.Bootstrapper.Tests\SubverseIM.Bootstrapper.Tests.csproj", "{E76B44AD-651A-40DB-8A6D-F8755E39193F}"
EndProject
Project("{2150E333-8FDC-42A3-9474-1A3956D46DE8}") = "CoreRPC", "CoreRPC", "{322F9077-58A0-403D-A6CB-2B2E0E3889DB}"
EndProject
Project("{FAE04EC0-301F-11D3-BF4B-00C04F79EFBC}") = "CoreRPC", "CoreRPC\CoreRPC\CoreRPC.csproj", "{9A7D786A-5E2E-7783-52E9-1D6EE8608223}"
EndProject
Project("{2150E333-8FDC-42A3-9474-1A3956D46DE8}") = "Apns", "Apns", "{C9482CFD-04EC-4538-B686-B954175EEFE2}"
EndProject
Project("{FAE04EC0-301F-11D3-BF4B-00C04F79EFBC}") = "Apns", "apns-dotnet\Apns\Apns.csproj", "{98EC190A-3900-2C9F-1135-BDBA55509E82}"
EndProject
Project("{FAE04EC0-301F-11D3-BF4B-00C04F79EFBC}") = "SubverseIM.iOS.NotificationService", "SubverseIM.App\SubverseIM.iOS.NotificationService\SubverseIM.iOS.NotificationService.csproj", "{9C3E6080-29C9-B7DE-60A3-14417DCDBE18}"
EndProject
Global
	GlobalSection(SolutionConfigurationPlatforms) = preSolution
		Debug|Any CPU = Debug|Any CPU
		Release|Any CPU = Release|Any CPU
	EndGlobalSection
	GlobalSection(ProjectConfigurationPlatforms) = postSolution
		{8EF02571-EDDE-40F7-A6BC-77E78A7BAFC1}.Debug|Any CPU.ActiveCfg = Debug|Any CPU
		{8EF02571-EDDE-40F7-A6BC-77E78A7BAFC1}.Debug|Any CPU.Build.0 = Debug|Any CPU
		{8EF02571-EDDE-40F7-A6BC-77E78A7BAFC1}.Release|Any CPU.ActiveCfg = Release|Any CPU
		{8EF02571-EDDE-40F7-A6BC-77E78A7BAFC1}.Release|Any CPU.Build.0 = Release|Any CPU
		{F8ED93C3-4952-4FC4-8C45-633E06CE76D2}.Debug|Any CPU.ActiveCfg = Debug|Any CPU
		{F8ED93C3-4952-4FC4-8C45-633E06CE76D2}.Debug|Any CPU.Build.0 = Debug|Any CPU
		{F8ED93C3-4952-4FC4-8C45-633E06CE76D2}.Debug|Any CPU.Deploy.0 = Debug|Any CPU
		{F8ED93C3-4952-4FC4-8C45-633E06CE76D2}.Release|Any CPU.ActiveCfg = Release|Any CPU
		{F8ED93C3-4952-4FC4-8C45-633E06CE76D2}.Release|Any CPU.Build.0 = Release|Any CPU
		{F8ED93C3-4952-4FC4-8C45-633E06CE76D2}.Release|Any CPU.Deploy.0 = Release|Any CPU
		{72CC1781-E261-4DDF-8BE7-6C3D52416A68}.Debug|Any CPU.ActiveCfg = Debug|Any CPU
		{72CC1781-E261-4DDF-8BE7-6C3D52416A68}.Debug|Any CPU.Build.0 = Debug|Any CPU
		{72CC1781-E261-4DDF-8BE7-6C3D52416A68}.Debug|Any CPU.Deploy.0 = Debug|Any CPU
		{72CC1781-E261-4DDF-8BE7-6C3D52416A68}.Release|Any CPU.ActiveCfg = Release|Any CPU
		{72CC1781-E261-4DDF-8BE7-6C3D52416A68}.Release|Any CPU.Build.0 = Release|Any CPU
		{72CC1781-E261-4DDF-8BE7-6C3D52416A68}.Release|Any CPU.Deploy.0 = Release|Any CPU
		{CE6DD30D-A672-4063-82FE-5B01E9D3B46D}.Debug|Any CPU.ActiveCfg = Debug|Any CPU
		{CE6DD30D-A672-4063-82FE-5B01E9D3B46D}.Debug|Any CPU.Build.0 = Debug|Any CPU
		{CE6DD30D-A672-4063-82FE-5B01E9D3B46D}.Release|Any CPU.ActiveCfg = Release|Any CPU
		{CE6DD30D-A672-4063-82FE-5B01E9D3B46D}.Release|Any CPU.Build.0 = Release|Any CPU
		{A1E64C03-26B8-4C09-8DB5-D004466A0478}.Debug|Any CPU.ActiveCfg = Debug|Any CPU
		{A1E64C03-26B8-4C09-8DB5-D004466A0478}.Debug|Any CPU.Build.0 = Debug|Any CPU
		{A1E64C03-26B8-4C09-8DB5-D004466A0478}.Release|Any CPU.ActiveCfg = Release|Any CPU
		{A1E64C03-26B8-4C09-8DB5-D004466A0478}.Release|Any CPU.Build.0 = Release|Any CPU
		{2891AE11-FF33-41F5-990E-5BECF9462CA9}.Debug|Any CPU.ActiveCfg = Debug|Any CPU
		{2891AE11-FF33-41F5-990E-5BECF9462CA9}.Debug|Any CPU.Build.0 = Debug|Any CPU
		{2891AE11-FF33-41F5-990E-5BECF9462CA9}.Release|Any CPU.ActiveCfg = Release|Any CPU
		{2891AE11-FF33-41F5-990E-5BECF9462CA9}.Release|Any CPU.Build.0 = Release|Any CPU
		{474A956E-A94F-47B7-B327-CA126FC690F3}.Debug|Any CPU.ActiveCfg = Debug|Any CPU
		{474A956E-A94F-47B7-B327-CA126FC690F3}.Debug|Any CPU.Build.0 = Debug|Any CPU
		{474A956E-A94F-47B7-B327-CA126FC690F3}.Release|Any CPU.ActiveCfg = Release|Any CPU
		{474A956E-A94F-47B7-B327-CA126FC690F3}.Release|Any CPU.Build.0 = Release|Any CPU
		{C91098E7-91F5-46C1-A359-1C5534A914D2}.Debug|Any CPU.ActiveCfg = Debug|Any CPU
		{C91098E7-91F5-46C1-A359-1C5534A914D2}.Debug|Any CPU.Build.0 = Debug|Any CPU
		{C91098E7-91F5-46C1-A359-1C5534A914D2}.Release|Any CPU.ActiveCfg = Release|Any CPU
		{C91098E7-91F5-46C1-A359-1C5534A914D2}.Release|Any CPU.Build.0 = Release|Any CPU
		{B43BEA29-DE6E-4256-94EA-A9767908CA0B}.Debug|Any CPU.ActiveCfg = Debug|Any CPU
		{B43BEA29-DE6E-4256-94EA-A9767908CA0B}.Debug|Any CPU.Build.0 = Debug|Any CPU
		{B43BEA29-DE6E-4256-94EA-A9767908CA0B}.Release|Any CPU.ActiveCfg = Release|Any CPU
		{B43BEA29-DE6E-4256-94EA-A9767908CA0B}.Release|Any CPU.Build.0 = Release|Any CPU
		{1301769F-6822-8D47-C74E-C8277AA80D58}.Debug|Any CPU.ActiveCfg = Debug|Any CPU
		{1301769F-6822-8D47-C74E-C8277AA80D58}.Debug|Any CPU.Build.0 = Debug|Any CPU
		{1301769F-6822-8D47-C74E-C8277AA80D58}.Release|Any CPU.ActiveCfg = Release|Any CPU
		{1301769F-6822-8D47-C74E-C8277AA80D58}.Release|Any CPU.Build.0 = Release|Any CPU
		{F4DAD3BF-A958-07D9-5365-A948B2D2413B}.Debug|Any CPU.ActiveCfg = Debug|Any CPU
		{F4DAD3BF-A958-07D9-5365-A948B2D2413B}.Debug|Any CPU.Build.0 = Debug|Any CPU
		{F4DAD3BF-A958-07D9-5365-A948B2D2413B}.Release|Any CPU.ActiveCfg = Release|Any CPU
		{F4DAD3BF-A958-07D9-5365-A948B2D2413B}.Release|Any CPU.Build.0 = Release|Any CPU
		{A4471C11-A429-0255-FA67-410E1DD1B411}.Debug|Any CPU.ActiveCfg = Debug|Any CPU
		{A4471C11-A429-0255-FA67-410E1DD1B411}.Debug|Any CPU.Build.0 = Debug|Any CPU
		{A4471C11-A429-0255-FA67-410E1DD1B411}.Release|Any CPU.ActiveCfg = Release|Any CPU
		{A4471C11-A429-0255-FA67-410E1DD1B411}.Release|Any CPU.Build.0 = Release|Any CPU
		{F70B5934-DABA-8E2A-7942-72CDE7C0466D}.Debug|Any CPU.ActiveCfg = Debug|Any CPU
		{F70B5934-DABA-8E2A-7942-72CDE7C0466D}.Debug|Any CPU.Build.0 = Debug|Any CPU
		{F70B5934-DABA-8E2A-7942-72CDE7C0466D}.Release|Any CPU.ActiveCfg = Release|Any CPU
		{F70B5934-DABA-8E2A-7942-72CDE7C0466D}.Release|Any CPU.Build.0 = Release|Any CPU
		{1192E7C8-AF77-CB79-CCF6-92C7DFD16B8A}.Debug|Any CPU.ActiveCfg = Debug|Any CPU
		{1192E7C8-AF77-CB79-CCF6-92C7DFD16B8A}.Debug|Any CPU.Build.0 = Debug|Any CPU
		{1192E7C8-AF77-CB79-CCF6-92C7DFD16B8A}.Release|Any CPU.ActiveCfg = Release|Any CPU
		{1192E7C8-AF77-CB79-CCF6-92C7DFD16B8A}.Release|Any CPU.Build.0 = Release|Any CPU
		{C7414093-9F69-CA67-7FD0-C98282B1EABD}.Debug|Any CPU.ActiveCfg = Debug|Any CPU
		{C7414093-9F69-CA67-7FD0-C98282B1EABD}.Debug|Any CPU.Build.0 = Debug|Any CPU
		{C7414093-9F69-CA67-7FD0-C98282B1EABD}.Release|Any CPU.ActiveCfg = Release|Any CPU
		{C7414093-9F69-CA67-7FD0-C98282B1EABD}.Release|Any CPU.Build.0 = Release|Any CPU
		{0972AD48-5E83-2791-4B70-E863242F557C}.Debug|Any CPU.ActiveCfg = Debug|Any CPU
		{0972AD48-5E83-2791-4B70-E863242F557C}.Debug|Any CPU.Build.0 = Debug|Any CPU
		{0972AD48-5E83-2791-4B70-E863242F557C}.Release|Any CPU.ActiveCfg = Release|Any CPU
		{0972AD48-5E83-2791-4B70-E863242F557C}.Release|Any CPU.Build.0 = Release|Any CPU
		{18FE281B-3509-E680-1559-3AAE4791D835}.Debug|Any CPU.ActiveCfg = Debug|Any CPU
		{18FE281B-3509-E680-1559-3AAE4791D835}.Debug|Any CPU.Build.0 = Debug|Any CPU
		{18FE281B-3509-E680-1559-3AAE4791D835}.Release|Any CPU.ActiveCfg = Release|Any CPU
		{18FE281B-3509-E680-1559-3AAE4791D835}.Release|Any CPU.Build.0 = Release|Any CPU
		{928D0E46-4DAF-40CF-9A42-2BBD5A1F8929}.Debug|Any CPU.ActiveCfg = Debug|Any CPU
		{928D0E46-4DAF-40CF-9A42-2BBD5A1F8929}.Debug|Any CPU.Build.0 = Debug|Any CPU
		{928D0E46-4DAF-40CF-9A42-2BBD5A1F8929}.Release|Any CPU.ActiveCfg = Release|Any CPU
		{928D0E46-4DAF-40CF-9A42-2BBD5A1F8929}.Release|Any CPU.Build.0 = Release|Any CPU
		{E76B44AD-651A-40DB-8A6D-F8755E39193F}.Debug|Any CPU.ActiveCfg = Debug|Any CPU
		{E76B44AD-651A-40DB-8A6D-F8755E39193F}.Debug|Any CPU.Build.0 = Debug|Any CPU
		{E76B44AD-651A-40DB-8A6D-F8755E39193F}.Release|Any CPU.ActiveCfg = Release|Any CPU
		{E76B44AD-651A-40DB-8A6D-F8755E39193F}.Release|Any CPU.Build.0 = Release|Any CPU
		{9A7D786A-5E2E-7783-52E9-1D6EE8608223}.Debug|Any CPU.ActiveCfg = Debug|Any CPU
		{9A7D786A-5E2E-7783-52E9-1D6EE8608223}.Debug|Any CPU.Build.0 = Debug|Any CPU
		{9A7D786A-5E2E-7783-52E9-1D6EE8608223}.Release|Any CPU.ActiveCfg = Release|Any CPU
		{9A7D786A-5E2E-7783-52E9-1D6EE8608223}.Release|Any CPU.Build.0 = Release|Any CPU
		{98EC190A-3900-2C9F-1135-BDBA55509E82}.Debug|Any CPU.ActiveCfg = Debug|Any CPU
		{98EC190A-3900-2C9F-1135-BDBA55509E82}.Debug|Any CPU.Build.0 = Debug|Any CPU
		{98EC190A-3900-2C9F-1135-BDBA55509E82}.Release|Any CPU.ActiveCfg = Release|Any CPU
		{98EC190A-3900-2C9F-1135-BDBA55509E82}.Release|Any CPU.Build.0 = Release|Any CPU
		{9C3E6080-29C9-B7DE-60A3-14417DCDBE18}.Debug|Any CPU.ActiveCfg = Debug|Any CPU
		{9C3E6080-29C9-B7DE-60A3-14417DCDBE18}.Debug|Any CPU.Build.0 = Debug|Any CPU
		{9C3E6080-29C9-B7DE-60A3-14417DCDBE18}.Debug|Any CPU.Deploy.0 = Debug|Any CPU
		{9C3E6080-29C9-B7DE-60A3-14417DCDBE18}.Release|Any CPU.ActiveCfg = Release|Any CPU
		{9C3E6080-29C9-B7DE-60A3-14417DCDBE18}.Release|Any CPU.Build.0 = Release|Any CPU
		{9C3E6080-29C9-B7DE-60A3-14417DCDBE18}.Release|Any CPU.Deploy.0 = Release|Any CPU
	EndGlobalSection
	GlobalSection(SolutionProperties) = preSolution
		HideSolutionNode = FALSE
	EndGlobalSection
	GlobalSection(NestedProjects) = preSolution
		{8EF02571-EDDE-40F7-A6BC-77E78A7BAFC1} = {4343168E-E066-4F17-8C65-AD4A7F88F002}
		{F8ED93C3-4952-4FC4-8C45-633E06CE76D2} = {4343168E-E066-4F17-8C65-AD4A7F88F002}
		{72CC1781-E261-4DDF-8BE7-6C3D52416A68} = {4343168E-E066-4F17-8C65-AD4A7F88F002}
		{CE6DD30D-A672-4063-82FE-5B01E9D3B46D} = {02EA681E-C7D8-13C7-8484-4AC65E1B71E8}
		{A1E64C03-26B8-4C09-8DB5-D004466A0478} = {02EA681E-C7D8-13C7-8484-4AC65E1B71E8}
		{2891AE11-FF33-41F5-990E-5BECF9462CA9} = {02EA681E-C7D8-13C7-8484-4AC65E1B71E8}
		{474A956E-A94F-47B7-B327-CA126FC690F3} = {02EA681E-C7D8-13C7-8484-4AC65E1B71E8}
		{C91098E7-91F5-46C1-A359-1C5534A914D2} = {02EA681E-C7D8-13C7-8484-4AC65E1B71E8}
		{B43BEA29-DE6E-4256-94EA-A9767908CA0B} = {02EA681E-C7D8-13C7-8484-4AC65E1B71E8}
		{1301769F-6822-8D47-C74E-C8277AA80D58} = {E88628A0-A007-4C04-A0C3-769CB725B02F}
		{F4DAD3BF-A958-07D9-5365-A948B2D2413B} = {E88628A0-A007-4C04-A0C3-769CB725B02F}
		{A4471C11-A429-0255-FA67-410E1DD1B411} = {02EA681E-C7D8-13C7-8484-4AC65E1B71E8}
		{F70B5934-DABA-8E2A-7942-72CDE7C0466D} = {02EA681E-C7D8-13C7-8484-4AC65E1B71E8}
		{1192E7C8-AF77-CB79-CCF6-92C7DFD16B8A} = {02EA681E-C7D8-13C7-8484-4AC65E1B71E8}
		{C7414093-9F69-CA67-7FD0-C98282B1EABD} = {02EA681E-C7D8-13C7-8484-4AC65E1B71E8}
		{0972AD48-5E83-2791-4B70-E863242F557C} = {02EA681E-C7D8-13C7-8484-4AC65E1B71E8}
		{18FE281B-3509-E680-1559-3AAE4791D835} = {4343168E-E066-4F17-8C65-AD4A7F88F002}
		{E76B44AD-651A-40DB-8A6D-F8755E39193F} = {E88628A0-A007-4C04-A0C3-769CB725B02F}
		{9A7D786A-5E2E-7783-52E9-1D6EE8608223} = {322F9077-58A0-403D-A6CB-2B2E0E3889DB}
		{98EC190A-3900-2C9F-1135-BDBA55509E82} = {C9482CFD-04EC-4538-B686-B954175EEFE2}
		{9C3E6080-29C9-B7DE-60A3-14417DCDBE18} = {4343168E-E066-4F17-8C65-AD4A7F88F002}
	EndGlobalSection
	GlobalSection(ExtensibilityGlobals) = postSolution
		SolutionGuid = {ED9AFDBC-58C4-4923-950B-DC7E362C8C9C}
	EndGlobalSection
EndGlobal
